
Microsoft Visual Studio Solution File, Format Version 12.00
# Visual Studio 2012
Project("{FAE04EC0-301F-11D3-BF4B-00C04F79EFBC}") = "ExcelUploader", "ExcelUploader\ExcelUploader.csproj", "{3A376F04-F7C1-4514-AA9E-4C76182C71DF}"
EndProject
Global
	GlobalSection(SolutionConfigurationPlatforms) = preSolution
		86|Any CPU = 86|Any CPU
		Debug|Any CPU = Debug|Any CPU
		Release|Any CPU = Release|Any CPU
	EndGlobalSection
	GlobalSection(ProjectConfigurationPlatforms) = postSolution
		{3A376F04-F7C1-4514-AA9E-4C76182C71DF}.86|Any CPU.ActiveCfg = 86|Any CPU
		{3A376F04-F7C1-4514-AA9E-4C76182C71DF}.86|Any CPU.Build.0 = 86|Any CPU
		{3A376F04-F7C1-4514-AA9E-4C76182C71DF}.Debug|Any CPU.ActiveCfg = Debug|Any CPU
		{3A376F04-F7C1-4514-AA9E-4C76182C71DF}.Debug|Any CPU.Build.0 = Debug|Any CPU
		{3A376F04-F7C1-4514-AA9E-4C76182C71DF}.Release|Any CPU.ActiveCfg = Release|Any CPU
		{3A376F04-F7C1-4514-AA9E-4C76182C71DF}.Release|Any CPU.Build.0 = Release|Any CPU
	EndGlobalSection
	GlobalSection(SolutionProperties) = preSolution
		HideSolutionNode = FALSE
	EndGlobalSection
EndGlobal
